
Microsoft Visual Studio Solution File, Format Version 12.00
# Visual Studio Version 16
VisualStudioVersion = 16.0.29123.88
MinimumVisualStudioVersion = 10.0.40219.1
Project("{00D1A9C2-B5F0-4AF3-8072-F6C62B433612}") = "employeesdb", "employeesdb.sqlproj", "{BCC3099D-12EF-42E1-93F5-B68770C07C0E}"
EndProject
Project("{151D2E53-A2C4-4D7D-83FE-D05416EBD58E}") = "SQL", "..\SQL\SQL.deployproj", "{5D141784-73EF-4B74-8582-371ACACC14D7}"
EndProject
Global
	GlobalSection(SolutionConfigurationPlatforms) = preSolution
		Debug|Any CPU = Debug|Any CPU
		Release|Any CPU = Release|Any CPU
	EndGlobalSection
	GlobalSection(ProjectConfigurationPlatforms) = postSolution
		{BCC3099D-12EF-42E1-93F5-B68770C07C0E}.Debug|Any CPU.ActiveCfg = Debug|Any CPU
		{BCC3099D-12EF-42E1-93F5-B68770C07C0E}.Debug|Any CPU.Build.0 = Debug|Any CPU
		{BCC3099D-12EF-42E1-93F5-B68770C07C0E}.Debug|Any CPU.Deploy.0 = Debug|Any CPU
		{BCC3099D-12EF-42E1-93F5-B68770C07C0E}.Release|Any CPU.ActiveCfg = Release|Any CPU
		{BCC3099D-12EF-42E1-93F5-B68770C07C0E}.Release|Any CPU.Build.0 = Release|Any CPU
		{BCC3099D-12EF-42E1-93F5-B68770C07C0E}.Release|Any CPU.Deploy.0 = Release|Any CPU
		{5D141784-73EF-4B74-8582-371ACACC14D7}.Debug|Any CPU.ActiveCfg = Debug|Any CPU
		{5D141784-73EF-4B74-8582-371ACACC14D7}.Debug|Any CPU.Build.0 = Debug|Any CPU
		{5D141784-73EF-4B74-8582-371ACACC14D7}.Release|Any CPU.ActiveCfg = Release|Any CPU
		{5D141784-73EF-4B74-8582-371ACACC14D7}.Release|Any CPU.Build.0 = Release|Any CPU
	EndGlobalSection
	GlobalSection(SolutionProperties) = preSolution
		HideSolutionNode = FALSE
	EndGlobalSection
	GlobalSection(ExtensibilityGlobals) = postSolution
		SolutionGuid = {F20997BE-7E6B-4CE7-9A8A-C43FCDF31122}
	EndGlobalSection
EndGlobal
